
Microsoft Visual Studio Solution File, Format Version 12.00
# Visual Studio 15
Project("{FAE04EC0-301F-11D3-BF4B-00C04F79EFBC}") = "Assembly-CSharp", "Assembly-CSharp.csproj", "{1E2C72C1-02D9-620F-9A41-8EED55EA4427}"
EndProject
Project("{FAE04EC0-301F-11D3-BF4B-00C04F79EFBC}") = "Assembly-CSharp-Editor", "Assembly-CSharp-Editor.csproj", "{3E13E8EF-8DFE-84D1-1EED-0FE5CD6D755D}"
EndProject
Global
	GlobalSection(SolutionConfigurationPlatforms) = preSolution
		Debug|Any CPU = Debug|Any CPU
		Release|Any CPU = Release|Any CPU
	EndGlobalSection
	GlobalSection(ProjectConfigurationPlatforms) = postSolution
		{1E2C72C1-02D9-620F-9A41-8EED55EA4427}.Debug|Any CPU.ActiveCfg = Debug|Any CPU
		{1E2C72C1-02D9-620F-9A41-8EED55EA4427}.Debug|Any CPU.Build.0 = Debug|Any CPU
		{1E2C72C1-02D9-620F-9A41-8EED55EA4427}.Release|Any CPU.ActiveCfg = Release|Any CPU
		{1E2C72C1-02D9-620F-9A41-8EED55EA4427}.Release|Any CPU.Build.0 = Release|Any CPU
		{3E13E8EF-8DFE-84D1-1EED-0FE5CD6D755D}.Debug|Any CPU.ActiveCfg = Debug|Any CPU
		{3E13E8EF-8DFE-84D1-1EED-0FE5CD6D755D}.Debug|Any CPU.Build.0 = Debug|Any CPU
		{3E13E8EF-8DFE-84D1-1EED-0FE5CD6D755D}.Release|Any CPU.ActiveCfg = Release|Any CPU
		{3E13E8EF-8DFE-84D1-1EED-0FE5CD6D755D}.Release|Any CPU.Build.0 = Release|Any CPU
	EndGlobalSection
	GlobalSection(SolutionProperties) = preSolution
		HideSolutionNode = FALSE
	EndGlobalSection
EndGlobal
